
Microsoft Visual Studio Solution File, Format Version 12.00
# Visual Studio 14
VisualStudioVersion = 14.0.25420.1
MinimumVisualStudioVersion = 10.0.40219.1
Project("{2150E333-8FDC-42A3-9474-1A3956D46DE8}") = "Solution Items", "Solution Items", "{05F3F9D6-3033-42A5-AC22-784A228ED02B}"
	ProjectSection(SolutionItems) = preProject
		global.json = global.json
	EndProjectSection
EndProject
Project("{2150E333-8FDC-42A3-9474-1A3956D46DE8}") = "samples", "samples", "{41D19938-DD4E-43BA-A3B2-950EBBA37EC3}"
EndProject
Project("{2150E333-8FDC-42A3-9474-1A3956D46DE8}") = "Builder", "Builder", "{26A6D377-A766-4F22-9898-6F496B47CE5E}"
EndProject
Project("{8BB2217D-0F2D-49D1-97BC-3654ED321F3B}") = "Builder.Filtering.Web", "samples\Builder\Builder.Filtering.Web\Builder.Filtering.Web.xproj", "{D8D98D13-871A-4596-8800-952AF5289A17}"
EndProject
Project("{8BB2217D-0F2D-49D1-97BC-3654ED321F3B}") = "Builder.HelloWorld.Web", "samples\Builder\Builder.HelloWorld.Web\Builder.HelloWorld.Web.xproj", "{70A3ABF2-8AF2-4DAA-990A-D0DD832F920B}"
EndProject
Project("{8BB2217D-0F2D-49D1-97BC-3654ED321F3B}") = "Builder.Middleware.Web", "samples\Builder\Builder.Middleware.Web\Builder.Middleware.Web.xproj", "{87D67B15-9B07-4D03-8539-1BE4BC843652}"
EndProject
Project("{2150E333-8FDC-42A3-9474-1A3956D46DE8}") = "Config", "Config", "{DCD83168-1648-40D3-BA0B-59D9F8960B2C}"
EndProject
Project("{2150E333-8FDC-42A3-9474-1A3956D46DE8}") = "Container", "Container", "{5CCBA614-5F26-4531-898A-ECA6149FF581}"
EndProject
Project("{2150E333-8FDC-42A3-9474-1A3956D46DE8}") = "Data", "Data", "{EDF077B6-2D3F-4E82-AB90-67BFD1B02E5B}"
EndProject
Project("{2150E333-8FDC-42A3-9474-1A3956D46DE8}") = "Runtime", "Runtime", "{C8209993-7520-46A7-8691-AF5404460B56}"
EndProject
Project("{8BB2217D-0F2D-49D1-97BC-3654ED321F3B}") = "Config.BindToObjectGraph", "samples\Config\Config.BindToObjectGraph\Config.BindToObjectGraph.xproj", "{A3595A86-2293-4390-8D61-514BDD8FDAF1}"
EndProject
Project("{8BB2217D-0F2D-49D1-97BC-3654ED321F3B}") = "Config.CommandLineConfigurationProvider", "samples\Config\Config.CommandLineConfigurationProvider\Config.CommandLineConfigurationProvider.xproj", "{8C61F72D-0C99-4F86-90DC-751274409AB4}"
EndProject
Project("{8BB2217D-0F2D-49D1-97BC-3654ED321F3B}") = "Config.CustomConfigurationProvider.EF", "samples\Config\Config.CustomConfigurationProvider.EF\Config.CustomConfigurationProvider.EF.xproj", "{5446CF95-87F6-4E09-8A29-1D2E2711F19D}"
EndProject
Project("{8BB2217D-0F2D-49D1-97BC-3654ED321F3B}") = "Config.CustomConfigurationProvider.Sample", "samples\Config\Config.CustomConfigurationProvider.Sample\Config.CustomConfigurationProvider.Sample.xproj", "{13681331-3886-4B97-A536-F52A36605573}"
EndProject
Project("{8BB2217D-0F2D-49D1-97BC-3654ED321F3B}") = "Config.CustomProvider.Web", "samples\Config\Config.CustomProvider.Web\Config.CustomProvider.Web.xproj", "{DB2803DC-091F-4358-AC39-C74D1767A050}"
EndProject
Project("{8BB2217D-0F2D-49D1-97BC-3654ED321F3B}") = "Config.InMemory", "samples\Config\Config.InMemory\Config.InMemory.xproj", "{4080F05B-4DEA-499D-AB5B-2820915EED5E}"
EndProject
Project("{8BB2217D-0F2D-49D1-97BC-3654ED321F3B}") = "Config.OptionsSnapshot", "samples\Config\Config.OptionsSnapshot\Config.OptionsSnapshot.xproj", "{C7708AA6-5680-4FD3-98FC-201F0A2A2D2C}"
EndProject
Project("{8BB2217D-0F2D-49D1-97BC-3654ED321F3B}") = "Config.Provider.Web", "samples\Config\Config.Provider.Web\Config.Provider.Web.xproj", "{3718C3F0-287C-4B73-ABD2-930729DF2AED}"
EndProject
Project("{8BB2217D-0F2D-49D1-97BC-3654ED321F3B}") = "Config.SettingObject.Web", "samples\Config\Config.SettingObject.Web\Config.SettingObject.Web.xproj", "{39F1A862-6FA5-4873-BD42-D6B0351134BE}"
EndProject
Project("{8BB2217D-0F2D-49D1-97BC-3654ED321F3B}") = "Config.SimpleConfiguration", "samples\Config\Config.SimpleConfiguration\Config.SimpleConfiguration.xproj", "{17D49F54-E277-496F-BDAF-9E4BEA5E7039}"
EndProject
Project("{8BB2217D-0F2D-49D1-97BC-3654ED321F3B}") = "Config.UsingOptions", "samples\Config\Config.UsingOptions\Config.UsingOptions.xproj", "{6C264E38-BD2E-454E-9B97-C476550A4F37}"
EndProject
Project("{8BB2217D-0F2D-49D1-97BC-3654ED321F3B}") = "Config.WalkingValues.Web", "samples\Config\Config.WalkingValues.Web\Config.WalkingValues.Web.xproj", "{C41B289A-29AE-440A-9293-ECFDBD969423}"
EndProject
Project("{8BB2217D-0F2D-49D1-97BC-3654ED321F3B}") = "Container.Fallback.Web", "samples\Container\Container.Fallback.Web\Container.Fallback.Web.xproj", "{47130693-A8E1-4955-ACB0-1A152842FA1D}"
EndProject
Project("{8BB2217D-0F2D-49D1-97BC-3654ED321F3B}") = "Data.InMemory", "samples\Data\Data.InMemory\Data.InMemory.xproj", "{420B1DB4-E80C-41A9-9701-A51D7226E0EC}"
EndProject
Project("{8BB2217D-0F2D-49D1-97BC-3654ED321F3B}") = "Data.SqlServer", "samples\Data\Data.SqlServer\Data.SqlServer.xproj", "{245AEEC6-A3D2-4D13-9B2A-B53B1CE3A5B4}"
EndProject
Project("{8BB2217D-0F2D-49D1-97BC-3654ED321F3B}") = "Runtime.ApplicationEnvironment", "samples\Runtime\Runtime.ApplicationEnvironment\Runtime.ApplicationEnvironment.xproj", "{93769E4C-5B10-4F09-9311-65B7F3CEDEB5}"
EndProject
Global
	GlobalSection(SolutionConfigurationPlatforms) = preSolution
		Debug|Any CPU = Debug|Any CPU
		Release|Any CPU = Release|Any CPU
	EndGlobalSection
	GlobalSection(ProjectConfigurationPlatforms) = postSolution
		{D8D98D13-871A-4596-8800-952AF5289A17}.Debug|Any CPU.ActiveCfg = Debug|Any CPU
		{D8D98D13-871A-4596-8800-952AF5289A17}.Debug|Any CPU.Build.0 = Debug|Any CPU
		{D8D98D13-871A-4596-8800-952AF5289A17}.Release|Any CPU.ActiveCfg = Release|Any CPU
		{D8D98D13-871A-4596-8800-952AF5289A17}.Release|Any CPU.Build.0 = Release|Any CPU
		{70A3ABF2-8AF2-4DAA-990A-D0DD832F920B}.Debug|Any CPU.ActiveCfg = Debug|Any CPU
		{70A3ABF2-8AF2-4DAA-990A-D0DD832F920B}.Debug|Any CPU.Build.0 = Debug|Any CPU
		{70A3ABF2-8AF2-4DAA-990A-D0DD832F920B}.Release|Any CPU.ActiveCfg = Release|Any CPU
		{70A3ABF2-8AF2-4DAA-990A-D0DD832F920B}.Release|Any CPU.Build.0 = Release|Any CPU
		{87D67B15-9B07-4D03-8539-1BE4BC843652}.Debug|Any CPU.ActiveCfg = Debug|Any CPU
		{87D67B15-9B07-4D03-8539-1BE4BC843652}.Debug|Any CPU.Build.0 = Debug|Any CPU
		{87D67B15-9B07-4D03-8539-1BE4BC843652}.Release|Any CPU.ActiveCfg = Release|Any CPU
		{87D67B15-9B07-4D03-8539-1BE4BC843652}.Release|Any CPU.Build.0 = Release|Any CPU
		{A3595A86-2293-4390-8D61-514BDD8FDAF1}.Debug|Any CPU.ActiveCfg = Debug|Any CPU
		{A3595A86-2293-4390-8D61-514BDD8FDAF1}.Debug|Any CPU.Build.0 = Debug|Any CPU
		{A3595A86-2293-4390-8D61-514BDD8FDAF1}.Release|Any CPU.ActiveCfg = Release|Any CPU
		{A3595A86-2293-4390-8D61-514BDD8FDAF1}.Release|Any CPU.Build.0 = Release|Any CPU
		{8C61F72D-0C99-4F86-90DC-751274409AB4}.Debug|Any CPU.ActiveCfg = Debug|Any CPU
		{8C61F72D-0C99-4F86-90DC-751274409AB4}.Debug|Any CPU.Build.0 = Debug|Any CPU
		{8C61F72D-0C99-4F86-90DC-751274409AB4}.Release|Any CPU.ActiveCfg = Release|Any CPU
		{8C61F72D-0C99-4F86-90DC-751274409AB4}.Release|Any CPU.Build.0 = Release|Any CPU
		{5446CF95-87F6-4E09-8A29-1D2E2711F19D}.Debug|Any CPU.ActiveCfg = Debug|Any CPU
		{5446CF95-87F6-4E09-8A29-1D2E2711F19D}.Debug|Any CPU.Build.0 = Debug|Any CPU
		{5446CF95-87F6-4E09-8A29-1D2E2711F19D}.Release|Any CPU.ActiveCfg = Release|Any CPU
		{5446CF95-87F6-4E09-8A29-1D2E2711F19D}.Release|Any CPU.Build.0 = Release|Any CPU
		{13681331-3886-4B97-A536-F52A36605573}.Debug|Any CPU.ActiveCfg = Debug|Any CPU
		{13681331-3886-4B97-A536-F52A36605573}.Debug|Any CPU.Build.0 = Debug|Any CPU
		{13681331-3886-4B97-A536-F52A36605573}.Release|Any CPU.ActiveCfg = Release|Any CPU
		{13681331-3886-4B97-A536-F52A36605573}.Release|Any CPU.Build.0 = Release|Any CPU
		{DB2803DC-091F-4358-AC39-C74D1767A050}.Debug|Any CPU.ActiveCfg = Debug|Any CPU
		{DB2803DC-091F-4358-AC39-C74D1767A050}.Debug|Any CPU.Build.0 = Debug|Any CPU
		{DB2803DC-091F-4358-AC39-C74D1767A050}.Release|Any CPU.ActiveCfg = Release|Any CPU
		{DB2803DC-091F-4358-AC39-C74D1767A050}.Release|Any CPU.Build.0 = Release|Any CPU
		{4080F05B-4DEA-499D-AB5B-2820915EED5E}.Debug|Any CPU.ActiveCfg = Debug|Any CPU
		{4080F05B-4DEA-499D-AB5B-2820915EED5E}.Debug|Any CPU.Build.0 = Debug|Any CPU
		{4080F05B-4DEA-499D-AB5B-2820915EED5E}.Release|Any CPU.ActiveCfg = Release|Any CPU
		{4080F05B-4DEA-499D-AB5B-2820915EED5E}.Release|Any CPU.Build.0 = Release|Any CPU
		{C7708AA6-5680-4FD3-98FC-201F0A2A2D2C}.Debug|Any CPU.ActiveCfg = Debug|Any CPU
		{C7708AA6-5680-4FD3-98FC-201F0A2A2D2C}.Debug|Any CPU.Build.0 = Debug|Any CPU
		{C7708AA6-5680-4FD3-98FC-201F0A2A2D2C}.Release|Any CPU.ActiveCfg = Release|Any CPU
		{C7708AA6-5680-4FD3-98FC-201F0A2A2D2C}.Release|Any CPU.Build.0 = Release|Any CPU
		{3718C3F0-287C-4B73-ABD2-930729DF2AED}.Debug|Any CPU.ActiveCfg = Debug|Any CPU
		{3718C3F0-287C-4B73-ABD2-930729DF2AED}.Debug|Any CPU.Build.0 = Debug|Any CPU
		{3718C3F0-287C-4B73-ABD2-930729DF2AED}.Release|Any CPU.ActiveCfg = Release|Any CPU
		{3718C3F0-287C-4B73-ABD2-930729DF2AED}.Release|Any CPU.Build.0 = Release|Any CPU
		{39F1A862-6FA5-4873-BD42-D6B0351134BE}.Debug|Any CPU.ActiveCfg = Debug|Any CPU
		{39F1A862-6FA5-4873-BD42-D6B0351134BE}.Debug|Any CPU.Build.0 = Debug|Any CPU
		{39F1A862-6FA5-4873-BD42-D6B0351134BE}.Release|Any CPU.ActiveCfg = Release|Any CPU
		{39F1A862-6FA5-4873-BD42-D6B0351134BE}.Release|Any CPU.Build.0 = Release|Any CPU
		{17D49F54-E277-496F-BDAF-9E4BEA5E7039}.Debug|Any CPU.ActiveCfg = Debug|Any CPU
		{17D49F54-E277-496F-BDAF-9E4BEA5E7039}.Debug|Any CPU.Build.0 = Debug|Any CPU
		{17D49F54-E277-496F-BDAF-9E4BEA5E7039}.Release|Any CPU.ActiveCfg = Release|Any CPU
		{17D49F54-E277-496F-BDAF-9E4BEA5E7039}.Release|Any CPU.Build.0 = Release|Any CPU
		{6C264E38-BD2E-454E-9B97-C476550A4F37}.Debug|Any CPU.ActiveCfg = Debug|Any CPU
		{6C264E38-BD2E-454E-9B97-C476550A4F37}.Debug|Any CPU.Build.0 = Debug|Any CPU
		{6C264E38-BD2E-454E-9B97-C476550A4F37}.Release|Any CPU.ActiveCfg = Release|Any CPU
		{6C264E38-BD2E-454E-9B97-C476550A4F37}.Release|Any CPU.Build.0 = Release|Any CPU
		{C41B289A-29AE-440A-9293-ECFDBD969423}.Debug|Any CPU.ActiveCfg = Debug|Any CPU
		{C41B289A-29AE-440A-9293-ECFDBD969423}.Debug|Any CPU.Build.0 = Debug|Any CPU
		{C41B289A-29AE-440A-9293-ECFDBD969423}.Release|Any CPU.ActiveCfg = Release|Any CPU
		{C41B289A-29AE-440A-9293-ECFDBD969423}.Release|Any CPU.Build.0 = Release|Any CPU
		{47130693-A8E1-4955-ACB0-1A152842FA1D}.Debug|Any CPU.ActiveCfg = Debug|Any CPU
		{47130693-A8E1-4955-ACB0-1A152842FA1D}.Debug|Any CPU.Build.0 = Debug|Any CPU
		{47130693-A8E1-4955-ACB0-1A152842FA1D}.Release|Any CPU.ActiveCfg = Release|Any CPU
		{47130693-A8E1-4955-ACB0-1A152842FA1D}.Release|Any CPU.Build.0 = Release|Any CPU
		{420B1DB4-E80C-41A9-9701-A51D7226E0EC}.Debug|Any CPU.ActiveCfg = Debug|Any CPU
		{420B1DB4-E80C-41A9-9701-A51D7226E0EC}.Debug|Any CPU.Build.0 = Debug|Any CPU
		{420B1DB4-E80C-41A9-9701-A51D7226E0EC}.Release|Any CPU.ActiveCfg = Release|Any CPU
		{420B1DB4-E80C-41A9-9701-A51D7226E0EC}.Release|Any CPU.Build.0 = Release|Any CPU
		{245AEEC6-A3D2-4D13-9B2A-B53B1CE3A5B4}.Debug|Any CPU.ActiveCfg = Debug|Any CPU
		{245AEEC6-A3D2-4D13-9B2A-B53B1CE3A5B4}.Debug|Any CPU.Build.0 = Debug|Any CPU
		{245AEEC6-A3D2-4D13-9B2A-B53B1CE3A5B4}.Release|Any CPU.ActiveCfg = Release|Any CPU
		{245AEEC6-A3D2-4D13-9B2A-B53B1CE3A5B4}.Release|Any CPU.Build.0 = Release|Any CPU
		{93769E4C-5B10-4F09-9311-65B7F3CEDEB5}.Debug|Any CPU.ActiveCfg = Debug|Any CPU
		{93769E4C-5B10-4F09-9311-65B7F3CEDEB5}.Debug|Any CPU.Build.0 = Debug|Any CPU
		{93769E4C-5B10-4F09-9311-65B7F3CEDEB5}.Release|Any CPU.ActiveCfg = Release|Any CPU
		{93769E4C-5B10-4F09-9311-65B7F3CEDEB5}.Release|Any CPU.Build.0 = Release|Any CPU
	EndGlobalSection
	GlobalSection(SolutionProperties) = preSolution
		HideSolutionNode = FALSE
	EndGlobalSection
	GlobalSection(NestedProjects) = preSolution
		{26A6D377-A766-4F22-9898-6F496B47CE5E} = {41D19938-DD4E-43BA-A3B2-950EBBA37EC3}
		{D8D98D13-871A-4596-8800-952AF5289A17} = {26A6D377-A766-4F22-9898-6F496B47CE5E}
		{70A3ABF2-8AF2-4DAA-990A-D0DD832F920B} = {26A6D377-A766-4F22-9898-6F496B47CE5E}
		{87D67B15-9B07-4D03-8539-1BE4BC843652} = {26A6D377-A766-4F22-9898-6F496B47CE5E}
		{DCD83168-1648-40D3-BA0B-59D9F8960B2C} = {41D19938-DD4E-43BA-A3B2-950EBBA37EC3}
		{5CCBA614-5F26-4531-898A-ECA6149FF581} = {41D19938-DD4E-43BA-A3B2-950EBBA37EC3}
		{EDF077B6-2D3F-4E82-AB90-67BFD1B02E5B} = {41D19938-DD4E-43BA-A3B2-950EBBA37EC3}
		{C8209993-7520-46A7-8691-AF5404460B56} = {41D19938-DD4E-43BA-A3B2-950EBBA37EC3}
		{A3595A86-2293-4390-8D61-514BDD8FDAF1} = {DCD83168-1648-40D3-BA0B-59D9F8960B2C}
		{8C61F72D-0C99-4F86-90DC-751274409AB4} = {DCD83168-1648-40D3-BA0B-59D9F8960B2C}
		{5446CF95-87F6-4E09-8A29-1D2E2711F19D} = {DCD83168-1648-40D3-BA0B-59D9F8960B2C}
		{13681331-3886-4B97-A536-F52A36605573} = {DCD83168-1648-40D3-BA0B-59D9F8960B2C}
		{DB2803DC-091F-4358-AC39-C74D1767A050} = {DCD83168-1648-40D3-BA0B-59D9F8960B2C}
		{4080F05B-4DEA-499D-AB5B-2820915EED5E} = {DCD83168-1648-40D3-BA0B-59D9F8960B2C}
		{C7708AA6-5680-4FD3-98FC-201F0A2A2D2C} = {DCD83168-1648-40D3-BA0B-59D9F8960B2C}
		{3718C3F0-287C-4B73-ABD2-930729DF2AED} = {DCD83168-1648-40D3-BA0B-59D9F8960B2C}
		{39F1A862-6FA5-4873-BD42-D6B0351134BE} = {DCD83168-1648-40D3-BA0B-59D9F8960B2C}
		{17D49F54-E277-496F-BDAF-9E4BEA5E7039} = {DCD83168-1648-40D3-BA0B-59D9F8960B2C}
		{6C264E38-BD2E-454E-9B97-C476550A4F37} = {DCD83168-1648-40D3-BA0B-59D9F8960B2C}
		{C41B289A-29AE-440A-9293-ECFDBD969423} = {DCD83168-1648-40D3-BA0B-59D9F8960B2C}
		{47130693-A8E1-4955-ACB0-1A152842FA1D} = {5CCBA614-5F26-4531-898A-ECA6149FF581}
		{420B1DB4-E80C-41A9-9701-A51D7226E0EC} = {EDF077B6-2D3F-4E82-AB90-67BFD1B02E5B}
		{245AEEC6-A3D2-4D13-9B2A-B53B1CE3A5B4} = {EDF077B6-2D3F-4E82-AB90-67BFD1B02E5B}
		{93769E4C-5B10-4F09-9311-65B7F3CEDEB5} = {C8209993-7520-46A7-8691-AF5404460B56}
	EndGlobalSection
EndGlobal
